// !$*UTF8*$!
{
	archiveVersion = 1;
	classes = {
	};
	objectVersion = 50;
	objects = {

/* Begin PBXBuildFile section */
		252F78E821120BC700DF61D7 /* QuestionManager.m in Sources */ = {isa = PBXBuildFile; fileRef = 252F78E721120BC700DF61D7 /* QuestionManager.m */; };
		252F78EB2112267C00DF61D7 /* KHGAdditionQuestion.m in Sources */ = {isa = PBXBuildFile; fileRef = 252F78EA2112267C00DF61D7 /* KHGAdditionQuestion.m */; };
		252F78EE211226AE00DF61D7 /* KHGSubtractionQuestion.m in Sources */ = {isa = PBXBuildFile; fileRef = 252F78ED211226AE00DF61D7 /* KHGSubtractionQuestion.m */; };
		252F78F1211226CA00DF61D7 /* KHGMultiplicationQuestion.m in Sources */ = {isa = PBXBuildFile; fileRef = 252F78F0211226CA00DF61D7 /* KHGMultiplicationQuestion.m */; };
		252F78F4211226DD00DF61D7 /* KHGDivisionQuestion.m in Sources */ = {isa = PBXBuildFile; fileRef = 252F78F3211226DD00DF61D7 /* KHGDivisionQuestion.m */; };
		254BBD4D2110D14E006AB120 /* KHGQuestion.m in Sources */ = {isa = PBXBuildFile; fileRef = 254BBD4C2110D14E006AB120 /* KHGQuestion.m */; };
		25C5A2862110C4B30025B981 /* main.m in Sources */ = {isa = PBXBuildFile; fileRef = 25C5A2852110C4B30025B981 /* main.m */; };
		25E6FED02110E7D8000A6418 /* InputHandler.m in Sources */ = {isa = PBXBuildFile; fileRef = 25E6FECF2110E7D8000A6418 /* InputHandler.m */; };
		25E6FED32110EEB3000A6418 /* ScoreKeeper.m in Sources */ = {isa = PBXBuildFile; fileRef = 25E6FED22110EEB3000A6418 /* ScoreKeeper.m */; };
/* End PBXBuildFile section */

/* Begin PBXCopyFilesBuildPhase section */
		25C5A2802110C4B30025B981 /* CopyFiles */ = {
			isa = PBXCopyFilesBuildPhase;
			buildActionMask = 2147483647;
			dstPath = /usr/share/man/man1/;
			dstSubfolderSpec = 0;
			files = (
			);
			runOnlyForDeploymentPostprocessing = 1;
		};
/* End PBXCopyFilesBuildPhase section */

/* Begin PBXFileReference section */
		252F78E621120BC700DF61D7 /* QuestionManager.h */ = {isa = PBXFileReference; lastKnownFileType = sourcecode.c.h; path = QuestionManager.h; sourceTree = "<group>"; };
		252F78E721120BC700DF61D7 /* QuestionManager.m */ = {isa = PBXFileReference; lastKnownFileType = sourcecode.c.objc; path = QuestionManager.m; sourceTree = "<group>"; };
		252F78E92112267C00DF61D7 /* KHGAdditionQuestion.h */ = {isa = PBXFileReference; lastKnownFileType = sourcecode.c.h; path = KHGAdditionQuestion.h; sourceTree = "<group>"; };
		252F78EA2112267C00DF61D7 /* KHGAdditionQuestion.m */ = {isa = PBXFileReference; lastKnownFileType = sourcecode.c.objc; path = KHGAdditionQuestion.m; sourceTree = "<group>"; };
		252F78EC211226AE00DF61D7 /* KHGSubtractionQuestion.h */ = {isa = PBXFileReference; lastKnownFileType = sourcecode.c.h; path = KHGSubtractionQuestion.h; sourceTree = "<group>"; };
		252F78ED211226AE00DF61D7 /* KHGSubtractionQuestion.m */ = {isa = PBXFileReference; lastKnownFileType = sourcecode.c.objc; path = KHGSubtractionQuestion.m; sourceTree = "<group>"; };
		252F78EF211226CA00DF61D7 /* KHGMultiplicationQuestion.h */ = {isa = PBXFileReference; lastKnownFileType = sourcecode.c.h; path = KHGMultiplicationQuestion.h; sourceTree = "<group>"; };
		252F78F0211226CA00DF61D7 /* KHGMultiplicationQuestion.m */ = {isa = PBXFileReference; lastKnownFileType = sourcecode.c.objc; path = KHGMultiplicationQuestion.m; sourceTree = "<group>"; };
		252F78F2211226DD00DF61D7 /* KHGDivisionQuestion.h */ = {isa = PBXFileReference; lastKnownFileType = sourcecode.c.h; path = KHGDivisionQuestion.h; sourceTree = "<group>"; };
		252F78F3211226DD00DF61D7 /* KHGDivisionQuestion.m */ = {isa = PBXFileReference; lastKnownFileType = sourcecode.c.objc; path = KHGDivisionQuestion.m; sourceTree = "<group>"; };
		254BBD4B2110D14E006AB120 /* KHGQuestion.h */ = {isa = PBXFileReference; lastKnownFileType = sourcecode.c.h; path = KHGQuestion.h; sourceTree = "<group>"; };
		254BBD4C2110D14E006AB120 /* KHGQuestion.m */ = {isa = PBXFileReference; lastKnownFileType = sourcecode.c.objc; path = KHGQuestion.m; sourceTree = "<group>"; };
		25C5A2822110C4B30025B981 /* Maths */ = {isa = PBXFileReference; explicitFileType = "compiled.mach-o.executable"; includeInIndex = 0; path = Maths; sourceTree = BUILT_PRODUCTS_DIR; };
		25C5A2852110C4B30025B981 /* main.m */ = {isa = PBXFileReference; lastKnownFileType = sourcecode.c.objc; path = main.m; sourceTree = "<group>"; };
		25E6FECE2110E7D8000A6418 /* InputHandler.h */ = {isa = PBXFileReference; lastKnownFileType = sourcecode.c.h; path = InputHandler.h; sourceTree = "<group>"; };
		25E6FECF2110E7D8000A6418 /* InputHandler.m */ = {isa = PBXFileReference; lastKnownFileType = sourcecode.c.objc; path = InputHandler.m; sourceTree = "<group>"; };
		25E6FED12110EEB3000A6418 /* ScoreKeeper.h */ = {isa = PBXFileReference; lastKnownFileType = sourcecode.c.h; path = ScoreKeeper.h; sourceTree = "<group>"; };
		25E6FED22110EEB3000A6418 /* ScoreKeeper.m */ = {isa = PBXFileReference; lastKnownFileType = sourcecode.c.objc; path = ScoreKeeper.m; sourceTree = "<group>"; };
/* End PBXFileReference section */

/* Begin PBXFrameworksBuildPhase section */
		25C5A27F2110C4B30025B981 /* Frameworks */ = {
			isa = PBXFrameworksBuildPhase;
			buildActionMask = 2147483647;
			files = (
			);
			runOnlyForDeploymentPostprocessing = 0;
		};
/* End PBXFrameworksBuildPhase section */

/* Begin PBXGroup section */
		25C5A2792110C4B30025B981 = {
			isa = PBXGroup;
			children = (
				25C5A2842110C4B30025B981 /* Maths */,
				25C5A2832110C4B30025B981 /* Products */,
			);
			sourceTree = "<group>";
		};
		25C5A2832110C4B30025B981 /* Products */ = {
			isa = PBXGroup;
			children = (
				25C5A2822110C4B30025B981 /* Maths */,
			);
			name = Products;
			sourceTree = "<group>";
		};
		25C5A2842110C4B30025B981 /* Maths */ = {
			isa = PBXGroup;
			children = (
				25C5A2852110C4B30025B981 /* main.m */,
				252F78F2211226DD00DF61D7 /* KHGDivisionQuestion.h */,
				252F78F3211226DD00DF61D7 /* KHGDivisionQuestion.m */,
				252F78EF211226CA00DF61D7 /* KHGMultiplicationQuestion.h */,
				252F78F0211226CA00DF61D7 /* KHGMultiplicationQuestion.m */,
				252F78EC211226AE00DF61D7 /* KHGSubtractionQuestion.h */,
				252F78ED211226AE00DF61D7 /* KHGSubtractionQuestion.m */,
				252F78E92112267C00DF61D7 /* KHGAdditionQuestion.h */,
				252F78EA2112267C00DF61D7 /* KHGAdditionQuestion.m */,
				252F78E621120BC700DF61D7 /* QuestionManager.h */,
				252F78E721120BC700DF61D7 /* QuestionManager.m */,
				25E6FED12110EEB3000A6418 /* ScoreKeeper.h */,
				25E6FED22110EEB3000A6418 /* ScoreKeeper.m */,
				25E6FECE2110E7D8000A6418 /* InputHandler.h */,
				25E6FECF2110E7D8000A6418 /* InputHandler.m */,
				254BBD4B2110D14E006AB120 /* KHGQuestion.h */,
				254BBD4C2110D14E006AB120 /* KHGQuestion.m */,
			);
			path = Maths;
			sourceTree = "<group>";
		};
/* End PBXGroup section */

/* Begin PBXNativeTarget section */
		25C5A2812110C4B30025B981 /* Maths */ = {
			isa = PBXNativeTarget;
			buildConfigurationList = 25C5A2892110C4B30025B981 /* Build configuration list for PBXNativeTarget "Maths" */;
			buildPhases = (
				25C5A27E2110C4B30025B981 /* Sources */,
				25C5A27F2110C4B30025B981 /* Frameworks */,
				25C5A2802110C4B30025B981 /* CopyFiles */,
			);
			buildRules = (
			);
			dependencies = (
			);
			name = Maths;
			productName = Maths;
			productReference = 25C5A2822110C4B30025B981 /* Maths */;
			productType = "com.apple.product-type.tool";
		};
/* End PBXNativeTarget section */

/* Begin PBXProject section */
		25C5A27A2110C4B30025B981 /* Project object */ = {
			isa = PBXProject;
			attributes = {
				LastUpgradeCheck = 0940;
				ORGANIZATIONNAME = "Kyla ";
				TargetAttributes = {
					25C5A2812110C4B30025B981 = {
						CreatedOnToolsVersion = 9.4.1;
					};
				};
			};
			buildConfigurationList = 25C5A27D2110C4B30025B981 /* Build configuration list for PBXProject "Maths" */;
			compatibilityVersion = "Xcode 9.3";
			developmentRegion = en;
			hasScannedForEncodings = 0;
			knownRegions = (
				en,
			);
			mainGroup = 25C5A2792110C4B30025B981;
			productRefGroup = 25C5A2832110C4B30025B981 /* Products */;
			projectDirPath = "";
			projectRoot = "";
			targets = (
				25C5A2812110C4B30025B981 /* Maths */,
			);
		};
/* End PBXProject section */

/* Begin PBXSourcesBuildPhase section */
		25C5A27E2110C4B30025B981 /* Sources */ = {
			isa = PBXSourcesBuildPhase;
			buildActionMask = 2147483647;
			files = (
				252F78E821120BC700DF61D7 /* QuestionManager.m in Sources */,
				25E6FED32110EEB3000A6418 /* ScoreKeeper.m in Sources */,
				25C5A2862110C4B30025B981 /* main.m in Sources */,
				252F78EE211226AE00DF61D7 /* KHGSubtractionQuestion.m in Sources */,
				25E6FED02110E7D8000A6418 /* InputHandler.m in Sources */,
				252F78F4211226DD00DF61D7 /* KHGDivisionQuestion.m in Sources */,
				252F78EB2112267C00DF61D7 /* KHGAdditionQuestion.m in Sources */,
				252F78F1211226CA00DF61D7 /* KHGMultiplicationQuestion.m in Sources */,
				254BBD4D2110D14E006AB120 /* KHGQuestion.m in Sources */,
			);
			runOnlyForDeploymentPostprocessing = 0;
		};
/* End PBXSourcesBuildPhase section */

/* Begin XCBuildConfiguration section */
		25C5A2872110C4B30025B981 /* Debug */ = {
			isa = XCBuildConfiguration;
			buildSettings = {
				ALWAYS_SEARCH_USER_PATHS = NO;
				CLANG_ANALYZER_NONNULL = YES;
				CLANG_ANALYZER_NUMBER_OBJECT_CONVERSION = YES_AGGRESSIVE;
				CLANG_CXX_LANGUAGE_STANDARD = "gnu++14";
				CLANG_CXX_LIBRARY = "libc++";
				CLANG_ENABLE_MODULES = YES;
				CLANG_ENABLE_OBJC_ARC = YES;
				CLANG_ENABLE_OBJC_WEAK = YES;
				CLANG_WARN_BLOCK_CAPTURE_AUTORELEASING = YES;
				CLANG_WARN_BOOL_CONVERSION = YES;
				CLANG_WARN_COMMA = YES;
				CLANG_WARN_CONSTANT_CONVERSION = YES;
				CLANG_WARN_DEPRECATED_OBJC_IMPLEMENTATIONS = YES;
				CLANG_WARN_DIRECT_OBJC_ISA_USAGE = YES_ERROR;
				CLANG_WARN_DOCUMENTATION_COMMENTS = YES;
				CLANG_WARN_EMPTY_BODY = YES;
				CLANG_WARN_ENUM_CONVERSION = YES;
				CLANG_WARN_INFINITE_RECURSION = YES;
				CLANG_WARN_INT_CONVERSION = YES;
				CLANG_WARN_NON_LITERAL_NULL_CONVERSION = YES;
				CLANG_WARN_OBJC_IMPLICIT_RETAIN_SELF = YES;
				CLANG_WARN_OBJC_LITERAL_CONVERSION = YES;
				CLANG_WARN_OBJC_ROOT_CLASS = YES_ERROR;
				CLANG_WARN_RANGE_LOOP_ANALYSIS = YES;
				CLANG_WARN_STRICT_PROTOTYPES = YES;
				CLANG_WARN_SUSPICIOUS_MOVE = YES;
				CLANG_WARN_UNGUARDED_AVAILABILITY = YES_AGGRESSIVE;
				CLANG_WARN_UNREACHABLE_CODE = YES;
				CLANG_WARN__DUPLICATE_METHOD_MATCH = YES;
				CODE_SIGN_IDENTITY = "Mac Developer";
				COPY_PHASE_STRIP = NO;
				DEBUG_INFORMATION_FORMAT = dwarf;
				ENABLE_STRICT_OBJC_MSGSEND = YES;
				ENABLE_TESTABILITY = YES;
				GCC_C_LANGUAGE_STANDARD = gnu11;
				GCC_DYNAMIC_NO_PIC = NO;
				GCC_NO_COMMON_BLOCKS = YES;
				GCC_OPTIMIZATION_LEVEL = 0;
				GCC_PREPROCESSOR_DEFINITIONS = (
					"DEBUG=1",
					"$(inherited)",
				);
				GCC_WARN_64_TO_32_BIT_CONVERSION = YES;
				GCC_WARN_ABOUT_RETURN_TYPE = YES_ERROR;
				GCC_WARN_UNDECLARED_SELECTOR = YES;
				GCC_WARN_UNINITIALIZED_AUTOS = YES_AGGRESSIVE;
				GCC_WARN_UNUSED_FUNCTION = YES;
				GCC_WARN_UNUSED_VARIABLE = YES;
				MACOSX_DEPLOYMENT_TARGET = 10.13;
				MTL_ENABLE_DEBUG_INFO = YES;
				ONLY_ACTIVE_ARCH = YES;
				SDKROOT = macosx;
			};
			name = Debug;
		};
		25C5A2882110C4B30025B981 /* Release */ = {
			isa = XCBuildConfiguration;
			buildSettings = {
				ALWAYS_SEARCH_USER_PATHS = NO;
				CLANG_ANALYZER_NONNULL = YES;
				CLANG_ANALYZER_NUMBER_OBJECT_CONVERSION = YES_AGGRESSIVE;
				CLANG_CXX_LANGUAGE_STANDARD = "gnu++14";
				CLANG_CXX_LIBRARY = "libc++";
				CLANG_ENABLE_MODULES = YES;
				CLANG_ENABLE_OBJC_ARC = YES;
				CLANG_ENABLE_OBJC_WEAK = YES;
				CLANG_WARN_BLOCK_CAPTURE_AUTORELEASING = YES;
				CLANG_WARN_BOOL_CONVERSION = YES;
				CLANG_WARN_COMMA = YES;
				CLANG_WARN_CONSTANT_CONVERSION = YES;
				CLANG_WARN_DEPRECATED_OBJC_IMPLEMENTATIONS = YES;
				CLANG_WARN_DIRECT_OBJC_ISA_USAGE = YES_ERROR;
				CLANG_WARN_DOCUMENTATION_COMMENTS = YES;
				CLANG_WARN_EMPTY_BODY = YES;
				CLANG_WARN_ENUM_CONVERSION = YES;
				CLANG_WARN_INFINITE_RECURSION = YES;
				CLANG_WARN_INT_CONVERSION = YES;
				CLANG_WARN_NON_LITERAL_NULL_CONVERSION = YES;
				CLANG_WARN_OBJC_IMPLICIT_RETAIN_SELF = YES;
				CLANG_WARN_OBJC_LITERAL_CONVERSION = YES;
				CLANG_WARN_OBJC_ROOT_CLASS = YES_ERROR;
				CLANG_WARN_RANGE_LOOP_ANALYSIS = YES;
				CLANG_WARN_STRICT_PROTOTYPES = YES;
				CLANG_WARN_SUSPICIOUS_MOVE = YES;
				CLANG_WARN_UNGUARDED_AVAILABILITY = YES_AGGRESSIVE;
				CLANG_WARN_UNREACHABLE_CODE = YES;
				CLANG_WARN__DUPLICATE_METHOD_MATCH = YES;
				CODE_SIGN_IDENTITY = "Mac Developer";
				COPY_PHASE_STRIP = NO;
				DEBUG_INFORMATION_FORMAT = "dwarf-with-dsym";
				ENABLE_NS_ASSERTIONS = NO;
				ENABLE_STRICT_OBJC_MSGSEND = YES;
				GCC_C_LANGUAGE_STANDARD = gnu11;
				GCC_NO_COMMON_BLOCKS = YES;
				GCC_WARN_64_TO_32_BIT_CONVERSION = YES;
				GCC_WARN_ABOUT_RETURN_TYPE = YES_ERROR;
				GCC_WARN_UNDECLARED_SELECTOR = YES;
				GCC_WARN_UNINITIALIZED_AUTOS = YES_AGGRESSIVE;
				GCC_WARN_UNUSED_FUNCTION = YES;
				GCC_WARN_UNUSED_VARIABLE = YES;
				MACOSX_DEPLOYMENT_TARGET = 10.13;
				MTL_ENABLE_DEBUG_INFO = NO;
				SDKROOT = macosx;
			};
			name = Release;
		};
		25C5A28A2110C4B30025B981 /* Debug */ = {
			isa = XCBuildConfiguration;
			buildSettings = {
				CODE_SIGN_STYLE = Automatic;
				DEVELOPMENT_TEAM = 8457254V38;
				PRODUCT_NAME = "$(TARGET_NAME)";
			};
			name = Debug;
		};
		25C5A28B2110C4B30025B981 /* Release */ = {
			isa = XCBuildConfiguration;
			buildSettings = {
				CODE_SIGN_STYLE = Automatic;
				DEVELOPMENT_TEAM = 8457254V38;
				PRODUCT_NAME = "$(TARGET_NAME)";
			};
			name = Release;
		};
/* End XCBuildConfiguration section */

/* Begin XCConfigurationList section */
		25C5A27D2110C4B30025B981 /* Build configuration list for PBXProject "Maths" */ = {
			isa = XCConfigurationList;
			buildConfigurations = (
				25C5A2872110C4B30025B981 /* Debug */,
				25C5A2882110C4B30025B981 /* Release */,
			);
			defaultConfigurationIsVisible = 0;
			defaultConfigurationName = Release;
		};
		25C5A2892110C4B30025B981 /* Build configuration list for PBXNativeTarget "Maths" */ = {
			isa = XCConfigurationList;
			buildConfigurations = (
				25C5A28A2110C4B30025B981 /* Debug */,
				25C5A28B2110C4B30025B981 /* Release */,
			);
			defaultConfigurationIsVisible = 0;
			defaultConfigurationName = Release;
		};
/* End XCConfigurationList section */
	};
	rootObject = 25C5A27A2110C4B30025B981 /* Project object */;
}
